
Microsoft Visual Studio Solution File, Format Version 12.00
# Visual Studio Version 17
VisualStudioVersion = 17.2.32630.192
MinimumVisualStudioVersion = 10.0.40219.1
Project("{9A19103F-16F7-4668-BE54-9A1E7A4F7556}") = "R5T.S0090", "R5T.S0090\R5T.S0090.csproj", "{46F612F9-519E-456D-BE56-1FD3EE20012E}"
EndProject
Project("{2150E333-8FDC-42A3-9474-1A3956D46DE8}") = "_Dependencies", "_Dependencies", "{879F1BEC-0E3B-4AB5-9F2B-50FCD92012D8}"
EndProject
Project("{9A19103F-16F7-4668-BE54-9A1E7A4F7556}") = "R5T.F0000", "..\..\R5T.F0000\source\R5T.F0000\R5T.F0000.csproj", "{53253EE8-E2D8-42A2-BD87-49AF7E66F26B}"
EndProject
Project("{9A19103F-16F7-4668-BE54-9A1E7A4F7556}") = "R5T.F0002", "..\..\R5T.F0002\source\R5T.F0002\R5T.F0002.csproj", "{099D40D0-15A5-44C6-A0A8-9A50008B5CDC}"
EndProject
Project("{9A19103F-16F7-4668-BE54-9A1E7A4F7556}") = "R5T.F0120", "..\..\R5T.F0120\source\R5T.F0120\R5T.F0120.csproj", "{EA287CF1-B8E2-4BAF-8CA1-4A732B4257E0}"
EndProject
Project("{9A19103F-16F7-4668-BE54-9A1E7A4F7556}") = "R5T.F0124", "..\..\R5T.F0124\source\R5T.F0124\R5T.F0124.csproj", "{2A49ACF2-EF84-475D-949B-03CA9DC9A38F}"
EndProject
Project("{9A19103F-16F7-4668-BE54-9A1E7A4F7556}") = "R5T.F0125", "..\..\R5T.F0125\source\R5T.F0125\R5T.F0125.csproj", "{6CCBE69B-EE41-42FA-B6A0-9966603E7DDF}"
EndProject
Project("{9A19103F-16F7-4668-BE54-9A1E7A4F7556}") = "R5T.L0030.T000", "..\..\R5T.L0030\source\R5T.L0030.T000\R5T.L0030.T000.csproj", "{E3A6467A-8416-4854-9E71-CA8D5038FFD8}"
EndProject
Project("{9A19103F-16F7-4668-BE54-9A1E7A4F7556}") = "R5T.L0030", "..\..\R5T.L0030\source\R5T.L0030\R5T.L0030.csproj", "{23C08E89-FE9F-4B7F-ADA5-C74ED5D5B8E8}"
EndProject
Project("{9A19103F-16F7-4668-BE54-9A1E7A4F7556}") = "R5T.L0034", "..\..\R5T.L0034\source\R5T.L0034\R5T.L0034.csproj", "{70277476-D2E3-4649-B6D6-C72F1D37F06F}"
EndProject
Project("{9A19103F-16F7-4668-BE54-9A1E7A4F7556}") = "R5T.L0035", "..\..\R5T.L0035\source\R5T.L0035\R5T.L0035.csproj", "{BA0A1B6C-3686-4113-86FC-302DE99BC4EC}"
EndProject
Project("{9A19103F-16F7-4668-BE54-9A1E7A4F7556}") = "R5T.NG0022", "..\..\R5T.NG0022\source\R5T.NG0022\R5T.NG0022.csproj", "{AA9B6DD9-98F4-4E54-A1AC-A77E2F89D945}"
EndProject
Project("{9A19103F-16F7-4668-BE54-9A1E7A4F7556}") = "R5T.T0131", "..\..\R5T.T0131\source\R5T.T0131\R5T.T0131.csproj", "{CBC46A34-133B-424F-B15F-72E27B8C5644}"
EndProject
Project("{9A19103F-16F7-4668-BE54-9A1E7A4F7556}") = "R5T.T0132", "..\..\R5T.T0132\source\R5T.T0132\R5T.T0132.csproj", "{E3572829-3893-44C4-B6EF-796163AC0D1D}"
EndProject
Project("{9A19103F-16F7-4668-BE54-9A1E7A4F7556}") = "R5T.T0142", "..\..\R5T.T0142\source\R5T.T0142\R5T.T0142.csproj", "{A51993C9-0437-44DF-9193-013E6A44E546}"
EndProject
Project("{9A19103F-16F7-4668-BE54-9A1E7A4F7556}") = "R5T.T0143", "..\..\R5T.T0143\source\R5T.T0143\R5T.T0143.csproj", "{C5830AE7-67D9-43C8-84B2-2DD60A24C7BC}"
EndProject
Project("{9A19103F-16F7-4668-BE54-9A1E7A4F7556}") = "R5T.T0156", "..\..\R5T.T0156\source\R5T.T0156\R5T.T0156.csproj", "{A63460D0-EB96-4AD3-B76F-B77D9E7D5671}"
EndProject
Project("{9A19103F-16F7-4668-BE54-9A1E7A4F7556}") = "R5T.T0174", "..\..\R5T.T0174\source\R5T.T0174\R5T.T0174.csproj", "{8362C536-F830-48ED-A3FE-F4B854A5441A}"
EndProject
Project("{9A19103F-16F7-4668-BE54-9A1E7A4F7556}") = "R5T.T0176", "..\..\R5T.T0176\source\R5T.T0176\R5T.T0176.csproj", "{544D5EAB-CF7F-45DC-ADAA-ED0D09D1A44D}"
EndProject
Project("{9A19103F-16F7-4668-BE54-9A1E7A4F7556}") = "R5T.T0177", "..\..\R5T.T0177\source\R5T.T0177\R5T.T0177.csproj", "{63D6CA5B-69FF-4E7C-B9C9-7040F2772A71}"
EndProject
Project("{9A19103F-16F7-4668-BE54-9A1E7A4F7556}") = "R5T.T0178", "..\..\R5T.T0178\source\R5T.T0178\R5T.T0178.csproj", "{EDD12810-A067-49BD-8FDE-C41BB4E6BB74}"
EndProject
Project("{9A19103F-16F7-4668-BE54-9A1E7A4F7556}") = "R5T.T0179", "..\..\R5T.T0179\source\R5T.T0179\R5T.T0179.csproj", "{E033C8F4-9D0C-4D27-95C1-F152EA9240B0}"
EndProject
Project("{9A19103F-16F7-4668-BE54-9A1E7A4F7556}") = "R5T.T0180", "..\..\R5T.T0180\source\R5T.T0180\R5T.T0180.csproj", "{82C1495F-1F13-44E5-BA35-3B03AF6F1933}"
EndProject
Project("{9A19103F-16F7-4668-BE54-9A1E7A4F7556}") = "R5T.T0181", "..\..\R5T.T0181\source\R5T.T0181\R5T.T0181.csproj", "{BA52E556-D4B5-4AA6-AB48-4288B28B589C}"
EndProject
Project("{9A19103F-16F7-4668-BE54-9A1E7A4F7556}") = "R5T.T0185", "..\..\R5T.T0185\source\R5T.T0185\R5T.T0185.csproj", "{D9038EF2-5B70-4EF0-930F-CC3AA7C5F5B7}"
EndProject
Project("{9A19103F-16F7-4668-BE54-9A1E7A4F7556}") = "R5T.T0199", "..\..\R5T.T0199\source\R5T.T0199\R5T.T0199.csproj", "{DFD4D207-40BD-4E61-8C80-1DB233D09630}"
EndProject
Project("{9A19103F-16F7-4668-BE54-9A1E7A4F7556}") = "R5T.T0203", "..\..\R5T.T0203\source\R5T.T0203\R5T.T0203.csproj", "{76BBC876-9CE9-45FD-A1C1-D09BA7C2DF4F}"
EndProject
Project("{9A19103F-16F7-4668-BE54-9A1E7A4F7556}") = "R5T.T0220", "..\..\R5T.T0220\source\R5T.T0220\R5T.T0220.csproj", "{C226882C-0773-4799-8243-91B8E0CF021A}"
EndProject
Project("{9A19103F-16F7-4668-BE54-9A1E7A4F7556}") = "R5T.T0221", "..\..\R5T.T0221\source\R5T.T0221\R5T.T0221.csproj", "{03E406BF-FAD8-493D-8801-72F1AC57FEAC}"
EndProject
Project("{9A19103F-16F7-4668-BE54-9A1E7A4F7556}") = "R5T.Y0000", "..\..\R5T.Y0000\source\R5T.Y0000\R5T.Y0000.csproj", "{4449DF60-7443-4A36-921B-01F5037D28E8}"
EndProject
Project("{9A19103F-16F7-4668-BE54-9A1E7A4F7556}") = "R5T.Z0000", "..\..\R5T.Z0000\source\R5T.Z0000\R5T.Z0000.csproj", "{404A3B7D-6BF7-42D3-BAE3-3283CEB77C70}"
EndProject
Project("{9A19103F-16F7-4668-BE54-9A1E7A4F7556}") = "R5T.Z0015", "..\..\R5T.Z0015\source\R5T.Z0015\R5T.Z0015.csproj", "{949640EF-811C-4F6D-A7C6-46470247FEDA}"
EndProject
Project("{9A19103F-16F7-4668-BE54-9A1E7A4F7556}") = "R5T.F0033", "..\..\R5T.F0033\source\R5T.F0033\R5T.F0033.csproj", "{43E1C908-CB5D-41B6-B119-2FC921FE775C}"
EndProject
Project("{9A19103F-16F7-4668-BE54-9A1E7A4F7556}") = "R5T.L0053", "..\..\R5T.L0053\source\R5T.L0053\R5T.L0053.csproj", "{BB6E9CB3-CC15-4D7D-B9F3-36A09EDA3BC7}"
EndProject
Project("{9A19103F-16F7-4668-BE54-9A1E7A4F7556}") = "R5T.L0054", "..\..\R5T.L0054\source\R5T.L0054\R5T.L0054.csproj", "{767FCA6F-3DEB-4E5E-B205-9A86C237AECC}"
EndProject
Project("{9A19103F-16F7-4668-BE54-9A1E7A4F7556}") = "R5T.Z0061", "..\..\R5T.Z0061\source\R5T.Z0061\R5T.Z0061.csproj", "{7D0521BD-E58B-452E-8307-BCBE780C44A6}"
EndProject
Project("{9A19103F-16F7-4668-BE54-9A1E7A4F7556}") = "R5T.T0225", "..\..\R5T.T0225\source\R5T.T0225\R5T.T0225.csproj", "{33F62BCD-0AF8-43A3-BAEC-231793A3BC08}"
EndProject
Project("{9A19103F-16F7-4668-BE54-9A1E7A4F7556}") = "R5T.T0226", "..\..\R5T.T0226\source\R5T.T0226\R5T.T0226.csproj", "{CEC08D49-9C50-4BF2-8D71-0A3DD3BAC50B}"
EndProject
Project("{9A19103F-16F7-4668-BE54-9A1E7A4F7556}") = "R5T.Z0062", "..\..\R5T.Z0062\source\R5T.Z0062\R5T.Z0062.csproj", "{23A0D699-F35C-4AF1-81F5-2DF082F79363}"
EndProject
Project("{9A19103F-16F7-4668-BE54-9A1E7A4F7556}") = "R5T.S0089", "..\..\R5T.S0089\source\R5T.S0089\R5T.S0089.csproj", "{AA7F5532-88AF-462A-AA80-9734B84746B5}"
EndProject
Project("{9A19103F-16F7-4668-BE54-9A1E7A4F7556}") = "R5T.T0141", "..\..\R5T.T0141\source\R5T.T0141\R5T.T0141.csproj", "{7BB5DCED-A12A-465B-8520-2047E01DC12F}"
EndProject
Project("{9A19103F-16F7-4668-BE54-9A1E7A4F7556}") = "R5T.Z0061.Platform", "..\..\R5T.Z0061\source\R5T.Z0061.Platform\R5T.Z0061.Platform.csproj", "{6514BE0D-380B-4B3D-A2C8-953814B83A10}"
EndProject
Project("{9A19103F-16F7-4668-BE54-9A1E7A4F7556}") = "R5T.L0055", "..\..\R5T.L0055\source\R5T.L0055\R5T.L0055.csproj", "{2B69E82C-188E-4292-BBB8-B9595188960F}"
EndProject
Project("{9A19103F-16F7-4668-BE54-9A1E7A4F7556}") = "R5T.F0034", "..\..\R5T.F0034\source\R5T.F0034\R5T.F0034.csproj", "{202D3978-00F7-4F9D-96C2-A20E90968151}"
EndProject
Project("{9A19103F-16F7-4668-BE54-9A1E7A4F7556}") = "R5T.Z0063", "..\..\R5T.Z0063\source\R5T.Z0063\R5T.Z0063.csproj", "{4BE8B9D6-F045-48EB-A0B1-E35B2B4FFD29}"
EndProject
Project("{9A19103F-16F7-4668-BE54-9A1E7A4F7556}") = "R5T.Z0063.Platform", "..\..\R5T.Z0063\source\R5T.Z0063.Platform\R5T.Z0063.Platform.csproj", "{AD3126C5-4A37-4B4D-940D-F812AC3F24B3}"
EndProject
Project("{9A19103F-16F7-4668-BE54-9A1E7A4F7556}") = "R5T.F0033.Platform", "..\..\R5T.F0033\source\R5T.F0033.Platform\R5T.F0033.Platform.csproj", "{2E746780-1DBA-4FD2-8FC1-1C0CE1F1D5B5}"
EndProject
Project("{9A19103F-16F7-4668-BE54-9A1E7A4F7556}") = "R5T.Z0010.Platform", "..\..\R5T.Z0010\source\R5T.Z0010.Platform\R5T.Z0010.Platform.csproj", "{6423CFB0-2925-4A64-B6BE-09993E7DDC6C}"
EndProject
Project("{9A19103F-16F7-4668-BE54-9A1E7A4F7556}") = "R5T.L0056", "..\..\R5T.L0056\source\R5T.L0056\R5T.L0056.csproj", "{82FC63DA-FE0A-4126-98C2-E592026ADF7C}"
EndProject
Project("{9A19103F-16F7-4668-BE54-9A1E7A4F7556}") = "R5T.L0057", "..\..\R5T.L0057\source\R5T.L0057\R5T.L0057.csproj", "{CD053097-9273-4234-8561-365045AFEC63}"
EndProject
Project("{9A19103F-16F7-4668-BE54-9A1E7A4F7556}") = "R5T.Z0010", "..\..\R5T.Z0010\source\R5T.Z0010\R5T.Z0010.csproj", "{EABB3BA5-5C5C-4BCA-A31B-DCAB38506EB2}"
EndProject
Project("{9A19103F-16F7-4668-BE54-9A1E7A4F7556}") = "R5T.F0035.F001", "..\..\R5T.F0035\source\R5T.F0035.F001\R5T.F0035.F001.csproj", "{ECC87346-16D2-4B58-A706-72EBCED8F4AE}"
EndProject
Project("{9A19103F-16F7-4668-BE54-9A1E7A4F7556}") = "R5T.F0059", "..\..\R5T.F0059\source\R5T.F0059\R5T.F0059.csproj", "{9F29021E-15C9-4C2A-8102-22838D6F0D80}"
EndProject
Project("{9A19103F-16F7-4668-BE54-9A1E7A4F7556}") = "R5T.NG0002", "..\..\R5T.NG0002\source\R5T.NG0002\R5T.NG0002.csproj", "{713FA62C-A049-4CAB-8066-932E37FEE3B2}"
EndProject
Project("{9A19103F-16F7-4668-BE54-9A1E7A4F7556}") = "R5T.NG0006", "..\..\R5T.NG0006\source\R5T.NG0006\R5T.NG0006.csproj", "{27C45D0A-D445-460E-A4EB-E953FB4C3C5B}"
EndProject
Project("{9A19103F-16F7-4668-BE54-9A1E7A4F7556}") = "R5T.NG0007", "..\..\R5T.NG0007\source\R5T.NG0007\R5T.NG0007.csproj", "{9A9E7C71-DE41-4156-A074-BEC72D89708D}"
EndProject
Project("{9A19103F-16F7-4668-BE54-9A1E7A4F7556}") = "R5T.T0148", "..\..\R5T.T0148\source\R5T.T0148\R5T.T0148.csproj", "{5996EDA6-56FF-4B58-B245-62D885B90540}"
EndProject
Project("{9A19103F-16F7-4668-BE54-9A1E7A4F7556}") = "R5T.T0150", "..\..\R5T.T0150\source\R5T.T0150\R5T.T0150.csproj", "{B51BA561-6274-4FFE-A466-4D18D6390FE0}"
EndProject
Project("{9A19103F-16F7-4668-BE54-9A1E7A4F7556}") = "R5T.T0151", "..\..\R5T.T0151\source\R5T.T0151\R5T.T0151.csproj", "{F517ACF6-BA88-4605-9E11-B322FCED89E1}"
EndProject
Project("{9A19103F-16F7-4668-BE54-9A1E7A4F7556}") = "R5T.T0158.F000", "..\..\R5T.T0158\source\R5T.T0158.F000\R5T.T0158.F000.csproj", "{84AC6B72-2B88-47CC-B7DE-204981971866}"
EndProject
Project("{9A19103F-16F7-4668-BE54-9A1E7A4F7556}") = "R5T.T0158.T000", "..\..\R5T.T0158\source\R5T.T0158.T000\R5T.T0158.T000.csproj", "{78FFCBC9-9F89-4A63-9146-D90521C4752A}"
EndProject
Project("{9A19103F-16F7-4668-BE54-9A1E7A4F7556}") = "R5T.T0158", "..\..\R5T.T0158\source\R5T.T0158\R5T.T0158.csproj", "{5F065803-8EEC-4EEC-8E9D-4D24EFFD5203}"
EndProject
Project("{9A19103F-16F7-4668-BE54-9A1E7A4F7556}") = "R5T.T0159.F000", "..\..\R5T.T0159\source\R5T.T0159.F000\R5T.T0159.F000.csproj", "{ED3CB7D0-F155-4FD1-A3AE-29FF957FD514}"
EndProject
Project("{9A19103F-16F7-4668-BE54-9A1E7A4F7556}") = "R5T.T0159", "..\..\R5T.T0159\source\R5T.T0159\R5T.T0159.csproj", "{D2FAC3B4-7E09-473F-B4CB-4B2BCBC04357}"
EndProject
Project("{9A19103F-16F7-4668-BE54-9A1E7A4F7556}") = "R5T.T0172", "..\..\R5T.T0172\source\R5T.T0172\R5T.T0172.csproj", "{26B615C6-8A0E-4F94-93BF-98FEF2C0E92F}"
EndProject
Project("{9A19103F-16F7-4668-BE54-9A1E7A4F7556}") = "R5T.T0213", "..\..\R5T.T0213\source\R5T.T0213\R5T.T0213.csproj", "{4F8B6373-2E50-4989-854B-1281BC7A1BF3}"
EndProject
Project("{9A19103F-16F7-4668-BE54-9A1E7A4F7556}") = "R5T.T0225.T000", "..\..\R5T.T0225\source\R5T.T0225.T000\R5T.T0225.T000.csproj", "{08889024-CD9E-477B-A441-E6886EA265DA}"
EndProject
Project("{9A19103F-16F7-4668-BE54-9A1E7A4F7556}") = "R5T.T0226.T000", "..\..\R5T.T0226\source\R5T.T0226.T000\R5T.T0226.T000.csproj", "{C4F0C38F-E5F8-485E-8BD1-10E5F7414775}"
EndProject
Project("{9A19103F-16F7-4668-BE54-9A1E7A4F7556}") = "R5T.L0032.T000", "..\..\R5T.L0032\source\R5T.L0032.T000\R5T.L0032.T000.csproj", "{7608DB19-147C-4368-87C7-787BBF4F6446}"
EndProject
Project("{9A19103F-16F7-4668-BE54-9A1E7A4F7556}") = "R5T.T0161", "..\..\R5T.T0161\source\R5T.T0161\R5T.T0161.csproj", "{767A27B9-353D-4240-91D0-4BB5CBFD74F3}"
EndProject
Project("{9A19103F-16F7-4668-BE54-9A1E7A4F7556}") = "R5T.T0184", "..\..\R5T.T0184\source\R5T.T0184\R5T.T0184.csproj", "{2F1E403C-AFE7-4955-8CBD-4D3A39D43DDD}"
EndProject
Project("{9A19103F-16F7-4668-BE54-9A1E7A4F7556}") = "R5T.T0186", "..\..\R5T.T0186\source\R5T.T0186\R5T.T0186.csproj", "{1832FD66-AD1F-4688-9CF3-6EB77AEE7ED7}"
EndProject
Project("{9A19103F-16F7-4668-BE54-9A1E7A4F7556}") = "R5T.T0187", "..\..\R5T.T0187\source\R5T.T0187\R5T.T0187.csproj", "{AB8EC476-9379-44A6-B397-616B92C7194A}"
EndProject
Project("{9A19103F-16F7-4668-BE54-9A1E7A4F7556}") = "R5T.T0196", "..\..\R5T.T0196\source\R5T.T0196\R5T.T0196.csproj", "{CFD80B00-8B7C-4822-B3AA-F6B71BCE8B88}"
EndProject
Project("{9A19103F-16F7-4668-BE54-9A1E7A4F7556}") = "R5T.T0197", "..\..\R5T.T0197\source\R5T.T0197\R5T.T0197.csproj", "{31CB4FAE-35DD-4893-A9E8-973E20674985}"
EndProject
Project("{9A19103F-16F7-4668-BE54-9A1E7A4F7556}") = "R5T.T0198", "..\..\R5T.T0198\source\R5T.T0198\R5T.T0198.csproj", "{655C702D-9AFD-4D78-B2BD-D62D53D2F8FD}"
EndProject
Project("{9A19103F-16F7-4668-BE54-9A1E7A4F7556}") = "R5T.T0200", "..\..\R5T.T0200\source\R5T.T0200\R5T.T0200.csproj", "{4F81C66B-9CFA-4F9C-9DE7-8C91311ADAB7}"
EndProject
Project("{9A19103F-16F7-4668-BE54-9A1E7A4F7556}") = "R5T.T0218", "..\..\R5T.T0218\source\R5T.T0218\R5T.T0218.csproj", "{FFBD9FA7-09D5-4730-BC42-A102F306ED43}"
EndProject
Project("{9A19103F-16F7-4668-BE54-9A1E7A4F7556}") = "R5T.T0224", "..\..\R5T.T0224\source\R5T.T0224\R5T.T0224.csproj", "{A78FD0C8-B652-44ED-A60C-252D57F8A496}"
EndProject
Project("{9A19103F-16F7-4668-BE54-9A1E7A4F7556}") = "R5T.Z0046", "..\..\R5T.Z0046\source\R5T.Z0046\R5T.Z0046.csproj", "{6E14634A-4FF2-4583-A708-79806AACA0B7}"
EndProject
Project("{9A19103F-16F7-4668-BE54-9A1E7A4F7556}") = "R5T.L0059", "..\..\R5T.L0059\source\R5T.L0059\R5T.L0059.csproj", "{B6813D58-4666-49F1-9D7E-7996DAA21C3C}"
EndProject
Project("{9A19103F-16F7-4668-BE54-9A1E7A4F7556}") = "R5T.L0060", "..\..\R5T.L0060\source\R5T.L0060\R5T.L0060.csproj", "{2CDC5BDF-5D1B-4D13-8BF9-052A414645AB}"
EndProject
Project("{9A19103F-16F7-4668-BE54-9A1E7A4F7556}") = "R5T.Z0046.Platform", "..\..\R5T.Z0046\source\R5T.Z0046.Platform\R5T.Z0046.Platform.csproj", "{9F987C80-896A-4381-B945-563534374AD7}"
EndProject
Global
	GlobalSection(NestedProjects) = preSolution
		{53253EE8-E2D8-42A2-BD87-49AF7E66F26B} = {879F1BEC-0E3B-4AB5-9F2B-50FCD92012D8}
		{099D40D0-15A5-44C6-A0A8-9A50008B5CDC} = {879F1BEC-0E3B-4AB5-9F2B-50FCD92012D8}
		{EA287CF1-B8E2-4BAF-8CA1-4A732B4257E0} = {879F1BEC-0E3B-4AB5-9F2B-50FCD92012D8}
		{2A49ACF2-EF84-475D-949B-03CA9DC9A38F} = {879F1BEC-0E3B-4AB5-9F2B-50FCD92012D8}
		{6CCBE69B-EE41-42FA-B6A0-9966603E7DDF} = {879F1BEC-0E3B-4AB5-9F2B-50FCD92012D8}
		{E3A6467A-8416-4854-9E71-CA8D5038FFD8} = {879F1BEC-0E3B-4AB5-9F2B-50FCD92012D8}
		{23C08E89-FE9F-4B7F-ADA5-C74ED5D5B8E8} = {879F1BEC-0E3B-4AB5-9F2B-50FCD92012D8}
		{70277476-D2E3-4649-B6D6-C72F1D37F06F} = {879F1BEC-0E3B-4AB5-9F2B-50FCD92012D8}
		{BA0A1B6C-3686-4113-86FC-302DE99BC4EC} = {879F1BEC-0E3B-4AB5-9F2B-50FCD92012D8}
		{AA9B6DD9-98F4-4E54-A1AC-A77E2F89D945} = {879F1BEC-0E3B-4AB5-9F2B-50FCD92012D8}
		{CBC46A34-133B-424F-B15F-72E27B8C5644} = {879F1BEC-0E3B-4AB5-9F2B-50FCD92012D8}
		{E3572829-3893-44C4-B6EF-796163AC0D1D} = {879F1BEC-0E3B-4AB5-9F2B-50FCD92012D8}
		{A51993C9-0437-44DF-9193-013E6A44E546} = {879F1BEC-0E3B-4AB5-9F2B-50FCD92012D8}
		{C5830AE7-67D9-43C8-84B2-2DD60A24C7BC} = {879F1BEC-0E3B-4AB5-9F2B-50FCD92012D8}
		{A63460D0-EB96-4AD3-B76F-B77D9E7D5671} = {879F1BEC-0E3B-4AB5-9F2B-50FCD92012D8}
		{8362C536-F830-48ED-A3FE-F4B854A5441A} = {879F1BEC-0E3B-4AB5-9F2B-50FCD92012D8}
		{544D5EAB-CF7F-45DC-ADAA-ED0D09D1A44D} = {879F1BEC-0E3B-4AB5-9F2B-50FCD92012D8}
		{63D6CA5B-69FF-4E7C-B9C9-7040F2772A71} = {879F1BEC-0E3B-4AB5-9F2B-50FCD92012D8}
		{EDD12810-A067-49BD-8FDE-C41BB4E6BB74} = {879F1BEC-0E3B-4AB5-9F2B-50FCD92012D8}
		{E033C8F4-9D0C-4D27-95C1-F152EA9240B0} = {879F1BEC-0E3B-4AB5-9F2B-50FCD92012D8}
		{82C1495F-1F13-44E5-BA35-3B03AF6F1933} = {879F1BEC-0E3B-4AB5-9F2B-50FCD92012D8}
		{BA52E556-D4B5-4AA6-AB48-4288B28B589C} = {879F1BEC-0E3B-4AB5-9F2B-50FCD92012D8}
		{D9038EF2-5B70-4EF0-930F-CC3AA7C5F5B7} = {879F1BEC-0E3B-4AB5-9F2B-50FCD92012D8}
		{DFD4D207-40BD-4E61-8C80-1DB233D09630} = {879F1BEC-0E3B-4AB5-9F2B-50FCD92012D8}
		{76BBC876-9CE9-45FD-A1C1-D09BA7C2DF4F} = {879F1BEC-0E3B-4AB5-9F2B-50FCD92012D8}
		{C226882C-0773-4799-8243-91B8E0CF021A} = {879F1BEC-0E3B-4AB5-9F2B-50FCD92012D8}
		{03E406BF-FAD8-493D-8801-72F1AC57FEAC} = {879F1BEC-0E3B-4AB5-9F2B-50FCD92012D8}
		{4449DF60-7443-4A36-921B-01F5037D28E8} = {879F1BEC-0E3B-4AB5-9F2B-50FCD92012D8}
		{404A3B7D-6BF7-42D3-BAE3-3283CEB77C70} = {879F1BEC-0E3B-4AB5-9F2B-50FCD92012D8}
		{949640EF-811C-4F6D-A7C6-46470247FEDA} = {879F1BEC-0E3B-4AB5-9F2B-50FCD92012D8}
		{43E1C908-CB5D-41B6-B119-2FC921FE775C} = {879F1BEC-0E3B-4AB5-9F2B-50FCD92012D8}
		{BB6E9CB3-CC15-4D7D-B9F3-36A09EDA3BC7} = {879F1BEC-0E3B-4AB5-9F2B-50FCD92012D8}
		{767FCA6F-3DEB-4E5E-B205-9A86C237AECC} = {879F1BEC-0E3B-4AB5-9F2B-50FCD92012D8}
		{7D0521BD-E58B-452E-8307-BCBE780C44A6} = {879F1BEC-0E3B-4AB5-9F2B-50FCD92012D8}
		{33F62BCD-0AF8-43A3-BAEC-231793A3BC08} = {879F1BEC-0E3B-4AB5-9F2B-50FCD92012D8}
		{CEC08D49-9C50-4BF2-8D71-0A3DD3BAC50B} = {879F1BEC-0E3B-4AB5-9F2B-50FCD92012D8}
		{23A0D699-F35C-4AF1-81F5-2DF082F79363} = {879F1BEC-0E3B-4AB5-9F2B-50FCD92012D8}
		{AA7F5532-88AF-462A-AA80-9734B84746B5} = {879F1BEC-0E3B-4AB5-9F2B-50FCD92012D8}
		{7BB5DCED-A12A-465B-8520-2047E01DC12F} = {879F1BEC-0E3B-4AB5-9F2B-50FCD92012D8}
		{6514BE0D-380B-4B3D-A2C8-953814B83A10} = {879F1BEC-0E3B-4AB5-9F2B-50FCD92012D8}
		{2B69E82C-188E-4292-BBB8-B9595188960F} = {879F1BEC-0E3B-4AB5-9F2B-50FCD92012D8}
		{202D3978-00F7-4F9D-96C2-A20E90968151} = {879F1BEC-0E3B-4AB5-9F2B-50FCD92012D8}
		{4BE8B9D6-F045-48EB-A0B1-E35B2B4FFD29} = {879F1BEC-0E3B-4AB5-9F2B-50FCD92012D8}
		{AD3126C5-4A37-4B4D-940D-F812AC3F24B3} = {879F1BEC-0E3B-4AB5-9F2B-50FCD92012D8}
		{2E746780-1DBA-4FD2-8FC1-1C0CE1F1D5B5} = {879F1BEC-0E3B-4AB5-9F2B-50FCD92012D8}
		{6423CFB0-2925-4A64-B6BE-09993E7DDC6C} = {879F1BEC-0E3B-4AB5-9F2B-50FCD92012D8}
		{82FC63DA-FE0A-4126-98C2-E592026ADF7C} = {879F1BEC-0E3B-4AB5-9F2B-50FCD92012D8}
		{CD053097-9273-4234-8561-365045AFEC63} = {879F1BEC-0E3B-4AB5-9F2B-50FCD92012D8}
		{EABB3BA5-5C5C-4BCA-A31B-DCAB38506EB2} = {879F1BEC-0E3B-4AB5-9F2B-50FCD92012D8}
		{ECC87346-16D2-4B58-A706-72EBCED8F4AE} = {879F1BEC-0E3B-4AB5-9F2B-50FCD92012D8}
		{9F29021E-15C9-4C2A-8102-22838D6F0D80} = {879F1BEC-0E3B-4AB5-9F2B-50FCD92012D8}
		{713FA62C-A049-4CAB-8066-932E37FEE3B2} = {879F1BEC-0E3B-4AB5-9F2B-50FCD92012D8}
		{27C45D0A-D445-460E-A4EB-E953FB4C3C5B} = {879F1BEC-0E3B-4AB5-9F2B-50FCD92012D8}
		{9A9E7C71-DE41-4156-A074-BEC72D89708D} = {879F1BEC-0E3B-4AB5-9F2B-50FCD92012D8}
		{5996EDA6-56FF-4B58-B245-62D885B90540} = {879F1BEC-0E3B-4AB5-9F2B-50FCD92012D8}
		{B51BA561-6274-4FFE-A466-4D18D6390FE0} = {879F1BEC-0E3B-4AB5-9F2B-50FCD92012D8}
		{F517ACF6-BA88-4605-9E11-B322FCED89E1} = {879F1BEC-0E3B-4AB5-9F2B-50FCD92012D8}
		{84AC6B72-2B88-47CC-B7DE-204981971866} = {879F1BEC-0E3B-4AB5-9F2B-50FCD92012D8}
		{78FFCBC9-9F89-4A63-9146-D90521C4752A} = {879F1BEC-0E3B-4AB5-9F2B-50FCD92012D8}
		{5F065803-8EEC-4EEC-8E9D-4D24EFFD5203} = {879F1BEC-0E3B-4AB5-9F2B-50FCD92012D8}
		{ED3CB7D0-F155-4FD1-A3AE-29FF957FD514} = {879F1BEC-0E3B-4AB5-9F2B-50FCD92012D8}
		{D2FAC3B4-7E09-473F-B4CB-4B2BCBC04357} = {879F1BEC-0E3B-4AB5-9F2B-50FCD92012D8}
		{26B615C6-8A0E-4F94-93BF-98FEF2C0E92F} = {879F1BEC-0E3B-4AB5-9F2B-50FCD92012D8}
		{4F8B6373-2E50-4989-854B-1281BC7A1BF3} = {879F1BEC-0E3B-4AB5-9F2B-50FCD92012D8}
		{08889024-CD9E-477B-A441-E6886EA265DA} = {879F1BEC-0E3B-4AB5-9F2B-50FCD92012D8}
		{C4F0C38F-E5F8-485E-8BD1-10E5F7414775} = {879F1BEC-0E3B-4AB5-9F2B-50FCD92012D8}
		{7608DB19-147C-4368-87C7-787BBF4F6446} = {879F1BEC-0E3B-4AB5-9F2B-50FCD92012D8}
		{767A27B9-353D-4240-91D0-4BB5CBFD74F3} = {879F1BEC-0E3B-4AB5-9F2B-50FCD92012D8}
		{2F1E403C-AFE7-4955-8CBD-4D3A39D43DDD} = {879F1BEC-0E3B-4AB5-9F2B-50FCD92012D8}
		{1832FD66-AD1F-4688-9CF3-6EB77AEE7ED7} = {879F1BEC-0E3B-4AB5-9F2B-50FCD92012D8}
		{AB8EC476-9379-44A6-B397-616B92C7194A} = {879F1BEC-0E3B-4AB5-9F2B-50FCD92012D8}
		{CFD80B00-8B7C-4822-B3AA-F6B71BCE8B88} = {879F1BEC-0E3B-4AB5-9F2B-50FCD92012D8}
		{31CB4FAE-35DD-4893-A9E8-973E20674985} = {879F1BEC-0E3B-4AB5-9F2B-50FCD92012D8}
		{655C702D-9AFD-4D78-B2BD-D62D53D2F8FD} = {879F1BEC-0E3B-4AB5-9F2B-50FCD92012D8}
		{4F81C66B-9CFA-4F9C-9DE7-8C91311ADAB7} = {879F1BEC-0E3B-4AB5-9F2B-50FCD92012D8}
		{FFBD9FA7-09D5-4730-BC42-A102F306ED43} = {879F1BEC-0E3B-4AB5-9F2B-50FCD92012D8}
		{A78FD0C8-B652-44ED-A60C-252D57F8A496} = {879F1BEC-0E3B-4AB5-9F2B-50FCD92012D8}
		{6E14634A-4FF2-4583-A708-79806AACA0B7} = {879F1BEC-0E3B-4AB5-9F2B-50FCD92012D8}
		{B6813D58-4666-49F1-9D7E-7996DAA21C3C} = {879F1BEC-0E3B-4AB5-9F2B-50FCD92012D8}
		{2CDC5BDF-5D1B-4D13-8BF9-052A414645AB} = {879F1BEC-0E3B-4AB5-9F2B-50FCD92012D8}
		{9F987C80-896A-4381-B945-563534374AD7} = {879F1BEC-0E3B-4AB5-9F2B-50FCD92012D8}
	EndGlobalSection
	GlobalSection(SolutionConfigurationPlatforms) = preSolution
		Debug|Any CPU = Debug|Any CPU
		Release|Any CPU = Release|Any CPU
	EndGlobalSection
	GlobalSection(ProjectConfigurationPlatforms) = postSolution
		{46F612F9-519E-456D-BE56-1FD3EE20012E}.Debug|Any CPU.ActiveCfg = Debug|Any CPU
		{46F612F9-519E-456D-BE56-1FD3EE20012E}.Debug|Any CPU.Build.0 = Debug|Any CPU
		{46F612F9-519E-456D-BE56-1FD3EE20012E}.Release|Any CPU.ActiveCfg = Release|Any CPU
		{46F612F9-519E-456D-BE56-1FD3EE20012E}.Release|Any CPU.Build.0 = Release|Any CPU
		{53253EE8-E2D8-42A2-BD87-49AF7E66F26B}.Debug|Any CPU.ActiveCfg = Debug|Any CPU
		{53253EE8-E2D8-42A2-BD87-49AF7E66F26B}.Debug|Any CPU.Build.0 = Debug|Any CPU
		{53253EE8-E2D8-42A2-BD87-49AF7E66F26B}.Release|Any CPU.ActiveCfg = Release|Any CPU
		{53253EE8-E2D8-42A2-BD87-49AF7E66F26B}.Release|Any CPU.Build.0 = Release|Any CPU
		{099D40D0-15A5-44C6-A0A8-9A50008B5CDC}.Debug|Any CPU.ActiveCfg = Debug|Any CPU
		{099D40D0-15A5-44C6-A0A8-9A50008B5CDC}.Debug|Any CPU.Build.0 = Debug|Any CPU
		{099D40D0-15A5-44C6-A0A8-9A50008B5CDC}.Release|Any CPU.ActiveCfg = Release|Any CPU
		{099D40D0-15A5-44C6-A0A8-9A50008B5CDC}.Release|Any CPU.Build.0 = Release|Any CPU
		{EA287CF1-B8E2-4BAF-8CA1-4A732B4257E0}.Debug|Any CPU.ActiveCfg = Debug|Any CPU
		{EA287CF1-B8E2-4BAF-8CA1-4A732B4257E0}.Debug|Any CPU.Build.0 = Debug|Any CPU
		{EA287CF1-B8E2-4BAF-8CA1-4A732B4257E0}.Release|Any CPU.ActiveCfg = Release|Any CPU
		{EA287CF1-B8E2-4BAF-8CA1-4A732B4257E0}.Release|Any CPU.Build.0 = Release|Any CPU
		{2A49ACF2-EF84-475D-949B-03CA9DC9A38F}.Debug|Any CPU.ActiveCfg = Debug|Any CPU
		{2A49ACF2-EF84-475D-949B-03CA9DC9A38F}.Debug|Any CPU.Build.0 = Debug|Any CPU
		{2A49ACF2-EF84-475D-949B-03CA9DC9A38F}.Release|Any CPU.ActiveCfg = Release|Any CPU
		{2A49ACF2-EF84-475D-949B-03CA9DC9A38F}.Release|Any CPU.Build.0 = Release|Any CPU
		{6CCBE69B-EE41-42FA-B6A0-9966603E7DDF}.Debug|Any CPU.ActiveCfg = Debug|Any CPU
		{6CCBE69B-EE41-42FA-B6A0-9966603E7DDF}.Debug|Any CPU.Build.0 = Debug|Any CPU
		{6CCBE69B-EE41-42FA-B6A0-9966603E7DDF}.Release|Any CPU.ActiveCfg = Release|Any CPU
		{6CCBE69B-EE41-42FA-B6A0-9966603E7DDF}.Release|Any CPU.Build.0 = Release|Any CPU
		{E3A6467A-8416-4854-9E71-CA8D5038FFD8}.Debug|Any CPU.ActiveCfg = Debug|Any CPU
		{E3A6467A-8416-4854-9E71-CA8D5038FFD8}.Debug|Any CPU.Build.0 = Debug|Any CPU
		{E3A6467A-8416-4854-9E71-CA8D5038FFD8}.Release|Any CPU.ActiveCfg = Release|Any CPU
		{E3A6467A-8416-4854-9E71-CA8D5038FFD8}.Release|Any CPU.Build.0 = Release|Any CPU
		{23C08E89-FE9F-4B7F-ADA5-C74ED5D5B8E8}.Debug|Any CPU.ActiveCfg = Debug|Any CPU
		{23C08E89-FE9F-4B7F-ADA5-C74ED5D5B8E8}.Debug|Any CPU.Build.0 = Debug|Any CPU
		{23C08E89-FE9F-4B7F-ADA5-C74ED5D5B8E8}.Release|Any CPU.ActiveCfg = Release|Any CPU
		{23C08E89-FE9F-4B7F-ADA5-C74ED5D5B8E8}.Release|Any CPU.Build.0 = Release|Any CPU
		{70277476-D2E3-4649-B6D6-C72F1D37F06F}.Debug|Any CPU.ActiveCfg = Debug|Any CPU
		{70277476-D2E3-4649-B6D6-C72F1D37F06F}.Debug|Any CPU.Build.0 = Debug|Any CPU
		{70277476-D2E3-4649-B6D6-C72F1D37F06F}.Release|Any CPU.ActiveCfg = Release|Any CPU
		{70277476-D2E3-4649-B6D6-C72F1D37F06F}.Release|Any CPU.Build.0 = Release|Any CPU
		{BA0A1B6C-3686-4113-86FC-302DE99BC4EC}.Debug|Any CPU.ActiveCfg = Debug|Any CPU
		{BA0A1B6C-3686-4113-86FC-302DE99BC4EC}.Debug|Any CPU.Build.0 = Debug|Any CPU
		{BA0A1B6C-3686-4113-86FC-302DE99BC4EC}.Release|Any CPU.ActiveCfg = Release|Any CPU
		{BA0A1B6C-3686-4113-86FC-302DE99BC4EC}.Release|Any CPU.Build.0 = Release|Any CPU
		{AA9B6DD9-98F4-4E54-A1AC-A77E2F89D945}.Debug|Any CPU.ActiveCfg = Debug|Any CPU
		{AA9B6DD9-98F4-4E54-A1AC-A77E2F89D945}.Debug|Any CPU.Build.0 = Debug|Any CPU
		{AA9B6DD9-98F4-4E54-A1AC-A77E2F89D945}.Release|Any CPU.ActiveCfg = Release|Any CPU
		{AA9B6DD9-98F4-4E54-A1AC-A77E2F89D945}.Release|Any CPU.Build.0 = Release|Any CPU
		{CBC46A34-133B-424F-B15F-72E27B8C5644}.Debug|Any CPU.ActiveCfg = Debug|Any CPU
		{CBC46A34-133B-424F-B15F-72E27B8C5644}.Debug|Any CPU.Build.0 = Debug|Any CPU
		{CBC46A34-133B-424F-B15F-72E27B8C5644}.Release|Any CPU.ActiveCfg = Release|Any CPU
		{CBC46A34-133B-424F-B15F-72E27B8C5644}.Release|Any CPU.Build.0 = Release|Any CPU
		{E3572829-3893-44C4-B6EF-796163AC0D1D}.Debug|Any CPU.ActiveCfg = Debug|Any CPU
		{E3572829-3893-44C4-B6EF-796163AC0D1D}.Debug|Any CPU.Build.0 = Debug|Any CPU
		{E3572829-3893-44C4-B6EF-796163AC0D1D}.Release|Any CPU.ActiveCfg = Release|Any CPU
		{E3572829-3893-44C4-B6EF-796163AC0D1D}.Release|Any CPU.Build.0 = Release|Any CPU
		{A51993C9-0437-44DF-9193-013E6A44E546}.Debug|Any CPU.ActiveCfg = Debug|Any CPU
		{A51993C9-0437-44DF-9193-013E6A44E546}.Debug|Any CPU.Build.0 = Debug|Any CPU
		{A51993C9-0437-44DF-9193-013E6A44E546}.Release|Any CPU.ActiveCfg = Release|Any CPU
		{A51993C9-0437-44DF-9193-013E6A44E546}.Release|Any CPU.Build.0 = Release|Any CPU
		{C5830AE7-67D9-43C8-84B2-2DD60A24C7BC}.Debug|Any CPU.ActiveCfg = Debug|Any CPU
		{C5830AE7-67D9-43C8-84B2-2DD60A24C7BC}.Debug|Any CPU.Build.0 = Debug|Any CPU
		{C5830AE7-67D9-43C8-84B2-2DD60A24C7BC}.Release|Any CPU.ActiveCfg = Release|Any CPU
		{C5830AE7-67D9-43C8-84B2-2DD60A24C7BC}.Release|Any CPU.Build.0 = Release|Any CPU
		{A63460D0-EB96-4AD3-B76F-B77D9E7D5671}.Debug|Any CPU.ActiveCfg = Debug|Any CPU
		{A63460D0-EB96-4AD3-B76F-B77D9E7D5671}.Debug|Any CPU.Build.0 = Debug|Any CPU
		{A63460D0-EB96-4AD3-B76F-B77D9E7D5671}.Release|Any CPU.ActiveCfg = Release|Any CPU
		{A63460D0-EB96-4AD3-B76F-B77D9E7D5671}.Release|Any CPU.Build.0 = Release|Any CPU
		{8362C536-F830-48ED-A3FE-F4B854A5441A}.Debug|Any CPU.ActiveCfg = Debug|Any CPU
		{8362C536-F830-48ED-A3FE-F4B854A5441A}.Debug|Any CPU.Build.0 = Debug|Any CPU
		{8362C536-F830-48ED-A3FE-F4B854A5441A}.Release|Any CPU.ActiveCfg = Release|Any CPU
		{8362C536-F830-48ED-A3FE-F4B854A5441A}.Release|Any CPU.Build.0 = Release|Any CPU
		{544D5EAB-CF7F-45DC-ADAA-ED0D09D1A44D}.Debug|Any CPU.ActiveCfg = Debug|Any CPU
		{544D5EAB-CF7F-45DC-ADAA-ED0D09D1A44D}.Debug|Any CPU.Build.0 = Debug|Any CPU
		{544D5EAB-CF7F-45DC-ADAA-ED0D09D1A44D}.Release|Any CPU.ActiveCfg = Release|Any CPU
		{544D5EAB-CF7F-45DC-ADAA-ED0D09D1A44D}.Release|Any CPU.Build.0 = Release|Any CPU
		{63D6CA5B-69FF-4E7C-B9C9-7040F2772A71}.Debug|Any CPU.ActiveCfg = Debug|Any CPU
		{63D6CA5B-69FF-4E7C-B9C9-7040F2772A71}.Debug|Any CPU.Build.0 = Debug|Any CPU
		{63D6CA5B-69FF-4E7C-B9C9-7040F2772A71}.Release|Any CPU.ActiveCfg = Release|Any CPU
		{63D6CA5B-69FF-4E7C-B9C9-7040F2772A71}.Release|Any CPU.Build.0 = Release|Any CPU
		{EDD12810-A067-49BD-8FDE-C41BB4E6BB74}.Debug|Any CPU.ActiveCfg = Debug|Any CPU
		{EDD12810-A067-49BD-8FDE-C41BB4E6BB74}.Debug|Any CPU.Build.0 = Debug|Any CPU
		{EDD12810-A067-49BD-8FDE-C41BB4E6BB74}.Release|Any CPU.ActiveCfg = Release|Any CPU
		{EDD12810-A067-49BD-8FDE-C41BB4E6BB74}.Release|Any CPU.Build.0 = Release|Any CPU
		{E033C8F4-9D0C-4D27-95C1-F152EA9240B0}.Debug|Any CPU.ActiveCfg = Debug|Any CPU
		{E033C8F4-9D0C-4D27-95C1-F152EA9240B0}.Debug|Any CPU.Build.0 = Debug|Any CPU
		{E033C8F4-9D0C-4D27-95C1-F152EA9240B0}.Release|Any CPU.ActiveCfg = Release|Any CPU
		{E033C8F4-9D0C-4D27-95C1-F152EA9240B0}.Release|Any CPU.Build.0 = Release|Any CPU
		{82C1495F-1F13-44E5-BA35-3B03AF6F1933}.Debug|Any CPU.ActiveCfg = Debug|Any CPU
		{82C1495F-1F13-44E5-BA35-3B03AF6F1933}.Debug|Any CPU.Build.0 = Debug|Any CPU
		{82C1495F-1F13-44E5-BA35-3B03AF6F1933}.Release|Any CPU.ActiveCfg = Release|Any CPU
		{82C1495F-1F13-44E5-BA35-3B03AF6F1933}.Release|Any CPU.Build.0 = Release|Any CPU
		{BA52E556-D4B5-4AA6-AB48-4288B28B589C}.Debug|Any CPU.ActiveCfg = Debug|Any CPU
		{BA52E556-D4B5-4AA6-AB48-4288B28B589C}.Debug|Any CPU.Build.0 = Debug|Any CPU
		{BA52E556-D4B5-4AA6-AB48-4288B28B589C}.Release|Any CPU.ActiveCfg = Release|Any CPU
		{BA52E556-D4B5-4AA6-AB48-4288B28B589C}.Release|Any CPU.Build.0 = Release|Any CPU
		{D9038EF2-5B70-4EF0-930F-CC3AA7C5F5B7}.Debug|Any CPU.ActiveCfg = Debug|Any CPU
		{D9038EF2-5B70-4EF0-930F-CC3AA7C5F5B7}.Debug|Any CPU.Build.0 = Debug|Any CPU
		{D9038EF2-5B70-4EF0-930F-CC3AA7C5F5B7}.Release|Any CPU.ActiveCfg = Release|Any CPU
		{D9038EF2-5B70-4EF0-930F-CC3AA7C5F5B7}.Release|Any CPU.Build.0 = Release|Any CPU
		{DFD4D207-40BD-4E61-8C80-1DB233D09630}.Debug|Any CPU.ActiveCfg = Debug|Any CPU
		{DFD4D207-40BD-4E61-8C80-1DB233D09630}.Debug|Any CPU.Build.0 = Debug|Any CPU
		{DFD4D207-40BD-4E61-8C80-1DB233D09630}.Release|Any CPU.ActiveCfg = Release|Any CPU
		{DFD4D207-40BD-4E61-8C80-1DB233D09630}.Release|Any CPU.Build.0 = Release|Any CPU
		{76BBC876-9CE9-45FD-A1C1-D09BA7C2DF4F}.Debug|Any CPU.ActiveCfg = Debug|Any CPU
		{76BBC876-9CE9-45FD-A1C1-D09BA7C2DF4F}.Debug|Any CPU.Build.0 = Debug|Any CPU
		{76BBC876-9CE9-45FD-A1C1-D09BA7C2DF4F}.Release|Any CPU.ActiveCfg = Release|Any CPU
		{76BBC876-9CE9-45FD-A1C1-D09BA7C2DF4F}.Release|Any CPU.Build.0 = Release|Any CPU
		{C226882C-0773-4799-8243-91B8E0CF021A}.Debug|Any CPU.ActiveCfg = Debug|Any CPU
		{C226882C-0773-4799-8243-91B8E0CF021A}.Debug|Any CPU.Build.0 = Debug|Any CPU
		{C226882C-0773-4799-8243-91B8E0CF021A}.Release|Any CPU.ActiveCfg = Release|Any CPU
		{C226882C-0773-4799-8243-91B8E0CF021A}.Release|Any CPU.Build.0 = Release|Any CPU
		{03E406BF-FAD8-493D-8801-72F1AC57FEAC}.Debug|Any CPU.ActiveCfg = Debug|Any CPU
		{03E406BF-FAD8-493D-8801-72F1AC57FEAC}.Debug|Any CPU.Build.0 = Debug|Any CPU
		{03E406BF-FAD8-493D-8801-72F1AC57FEAC}.Release|Any CPU.ActiveCfg = Release|Any CPU
		{03E406BF-FAD8-493D-8801-72F1AC57FEAC}.Release|Any CPU.Build.0 = Release|Any CPU
		{4449DF60-7443-4A36-921B-01F5037D28E8}.Debug|Any CPU.ActiveCfg = Debug|Any CPU
		{4449DF60-7443-4A36-921B-01F5037D28E8}.Debug|Any CPU.Build.0 = Debug|Any CPU
		{4449DF60-7443-4A36-921B-01F5037D28E8}.Release|Any CPU.ActiveCfg = Release|Any CPU
		{4449DF60-7443-4A36-921B-01F5037D28E8}.Release|Any CPU.Build.0 = Release|Any CPU
		{404A3B7D-6BF7-42D3-BAE3-3283CEB77C70}.Debug|Any CPU.ActiveCfg = Debug|Any CPU
		{404A3B7D-6BF7-42D3-BAE3-3283CEB77C70}.Debug|Any CPU.Build.0 = Debug|Any CPU
		{404A3B7D-6BF7-42D3-BAE3-3283CEB77C70}.Release|Any CPU.ActiveCfg = Release|Any CPU
		{404A3B7D-6BF7-42D3-BAE3-3283CEB77C70}.Release|Any CPU.Build.0 = Release|Any CPU
		{949640EF-811C-4F6D-A7C6-46470247FEDA}.Debug|Any CPU.ActiveCfg = Debug|Any CPU
		{949640EF-811C-4F6D-A7C6-46470247FEDA}.Debug|Any CPU.Build.0 = Debug|Any CPU
		{949640EF-811C-4F6D-A7C6-46470247FEDA}.Release|Any CPU.ActiveCfg = Release|Any CPU
		{949640EF-811C-4F6D-A7C6-46470247FEDA}.Release|Any CPU.Build.0 = Release|Any CPU
		{43E1C908-CB5D-41B6-B119-2FC921FE775C}.Debug|Any CPU.ActiveCfg = Debug|Any CPU
		{43E1C908-CB5D-41B6-B119-2FC921FE775C}.Debug|Any CPU.Build.0 = Debug|Any CPU
		{43E1C908-CB5D-41B6-B119-2FC921FE775C}.Release|Any CPU.ActiveCfg = Release|Any CPU
		{43E1C908-CB5D-41B6-B119-2FC921FE775C}.Release|Any CPU.Build.0 = Release|Any CPU
		{BB6E9CB3-CC15-4D7D-B9F3-36A09EDA3BC7}.Debug|Any CPU.ActiveCfg = Debug|Any CPU
		{BB6E9CB3-CC15-4D7D-B9F3-36A09EDA3BC7}.Debug|Any CPU.Build.0 = Debug|Any CPU
		{BB6E9CB3-CC15-4D7D-B9F3-36A09EDA3BC7}.Release|Any CPU.ActiveCfg = Release|Any CPU
		{BB6E9CB3-CC15-4D7D-B9F3-36A09EDA3BC7}.Release|Any CPU.Build.0 = Release|Any CPU
		{767FCA6F-3DEB-4E5E-B205-9A86C237AECC}.Debug|Any CPU.ActiveCfg = Debug|Any CPU
		{767FCA6F-3DEB-4E5E-B205-9A86C237AECC}.Debug|Any CPU.Build.0 = Debug|Any CPU
		{767FCA6F-3DEB-4E5E-B205-9A86C237AECC}.Release|Any CPU.ActiveCfg = Release|Any CPU
		{767FCA6F-3DEB-4E5E-B205-9A86C237AECC}.Release|Any CPU.Build.0 = Release|Any CPU
		{7D0521BD-E58B-452E-8307-BCBE780C44A6}.Debug|Any CPU.ActiveCfg = Debug|Any CPU
		{7D0521BD-E58B-452E-8307-BCBE780C44A6}.Debug|Any CPU.Build.0 = Debug|Any CPU
		{7D0521BD-E58B-452E-8307-BCBE780C44A6}.Release|Any CPU.ActiveCfg = Release|Any CPU
		{7D0521BD-E58B-452E-8307-BCBE780C44A6}.Release|Any CPU.Build.0 = Release|Any CPU
		{33F62BCD-0AF8-43A3-BAEC-231793A3BC08}.Debug|Any CPU.ActiveCfg = Debug|Any CPU
		{33F62BCD-0AF8-43A3-BAEC-231793A3BC08}.Debug|Any CPU.Build.0 = Debug|Any CPU
		{33F62BCD-0AF8-43A3-BAEC-231793A3BC08}.Release|Any CPU.ActiveCfg = Release|Any CPU
		{33F62BCD-0AF8-43A3-BAEC-231793A3BC08}.Release|Any CPU.Build.0 = Release|Any CPU
		{CEC08D49-9C50-4BF2-8D71-0A3DD3BAC50B}.Debug|Any CPU.ActiveCfg = Debug|Any CPU
		{CEC08D49-9C50-4BF2-8D71-0A3DD3BAC50B}.Debug|Any CPU.Build.0 = Debug|Any CPU
		{CEC08D49-9C50-4BF2-8D71-0A3DD3BAC50B}.Release|Any CPU.ActiveCfg = Release|Any CPU
		{CEC08D49-9C50-4BF2-8D71-0A3DD3BAC50B}.Release|Any CPU.Build.0 = Release|Any CPU
		{23A0D699-F35C-4AF1-81F5-2DF082F79363}.Debug|Any CPU.ActiveCfg = Debug|Any CPU
		{23A0D699-F35C-4AF1-81F5-2DF082F79363}.Debug|Any CPU.Build.0 = Debug|Any CPU
		{23A0D699-F35C-4AF1-81F5-2DF082F79363}.Release|Any CPU.ActiveCfg = Release|Any CPU
		{23A0D699-F35C-4AF1-81F5-2DF082F79363}.Release|Any CPU.Build.0 = Release|Any CPU
		{AA7F5532-88AF-462A-AA80-9734B84746B5}.Debug|Any CPU.ActiveCfg = Debug|Any CPU
		{AA7F5532-88AF-462A-AA80-9734B84746B5}.Debug|Any CPU.Build.0 = Debug|Any CPU
		{AA7F5532-88AF-462A-AA80-9734B84746B5}.Release|Any CPU.ActiveCfg = Release|Any CPU
		{AA7F5532-88AF-462A-AA80-9734B84746B5}.Release|Any CPU.Build.0 = Release|Any CPU
		{7BB5DCED-A12A-465B-8520-2047E01DC12F}.Debug|Any CPU.ActiveCfg = Debug|Any CPU
		{7BB5DCED-A12A-465B-8520-2047E01DC12F}.Debug|Any CPU.Build.0 = Debug|Any CPU
		{7BB5DCED-A12A-465B-8520-2047E01DC12F}.Release|Any CPU.ActiveCfg = Release|Any CPU
		{7BB5DCED-A12A-465B-8520-2047E01DC12F}.Release|Any CPU.Build.0 = Release|Any CPU
		{6514BE0D-380B-4B3D-A2C8-953814B83A10}.Debug|Any CPU.ActiveCfg = Debug|Any CPU
		{6514BE0D-380B-4B3D-A2C8-953814B83A10}.Debug|Any CPU.Build.0 = Debug|Any CPU
		{6514BE0D-380B-4B3D-A2C8-953814B83A10}.Release|Any CPU.ActiveCfg = Release|Any CPU
		{6514BE0D-380B-4B3D-A2C8-953814B83A10}.Release|Any CPU.Build.0 = Release|Any CPU
		{2B69E82C-188E-4292-BBB8-B9595188960F}.Debug|Any CPU.ActiveCfg = Debug|Any CPU
		{2B69E82C-188E-4292-BBB8-B9595188960F}.Debug|Any CPU.Build.0 = Debug|Any CPU
		{2B69E82C-188E-4292-BBB8-B9595188960F}.Release|Any CPU.ActiveCfg = Release|Any CPU
		{2B69E82C-188E-4292-BBB8-B9595188960F}.Release|Any CPU.Build.0 = Release|Any CPU
		{202D3978-00F7-4F9D-96C2-A20E90968151}.Debug|Any CPU.ActiveCfg = Debug|Any CPU
		{202D3978-00F7-4F9D-96C2-A20E90968151}.Debug|Any CPU.Build.0 = Debug|Any CPU
		{202D3978-00F7-4F9D-96C2-A20E90968151}.Release|Any CPU.ActiveCfg = Release|Any CPU
		{202D3978-00F7-4F9D-96C2-A20E90968151}.Release|Any CPU.Build.0 = Release|Any CPU
		{4BE8B9D6-F045-48EB-A0B1-E35B2B4FFD29}.Debug|Any CPU.ActiveCfg = Debug|Any CPU
		{4BE8B9D6-F045-48EB-A0B1-E35B2B4FFD29}.Debug|Any CPU.Build.0 = Debug|Any CPU
		{4BE8B9D6-F045-48EB-A0B1-E35B2B4FFD29}.Release|Any CPU.ActiveCfg = Release|Any CPU
		{4BE8B9D6-F045-48EB-A0B1-E35B2B4FFD29}.Release|Any CPU.Build.0 = Release|Any CPU
		{AD3126C5-4A37-4B4D-940D-F812AC3F24B3}.Debug|Any CPU.ActiveCfg = Debug|Any CPU
		{AD3126C5-4A37-4B4D-940D-F812AC3F24B3}.Debug|Any CPU.Build.0 = Debug|Any CPU
		{AD3126C5-4A37-4B4D-940D-F812AC3F24B3}.Release|Any CPU.ActiveCfg = Release|Any CPU
		{AD3126C5-4A37-4B4D-940D-F812AC3F24B3}.Release|Any CPU.Build.0 = Release|Any CPU
		{2E746780-1DBA-4FD2-8FC1-1C0CE1F1D5B5}.Debug|Any CPU.ActiveCfg = Debug|Any CPU
		{2E746780-1DBA-4FD2-8FC1-1C0CE1F1D5B5}.Debug|Any CPU.Build.0 = Debug|Any CPU
		{2E746780-1DBA-4FD2-8FC1-1C0CE1F1D5B5}.Release|Any CPU.ActiveCfg = Release|Any CPU
		{2E746780-1DBA-4FD2-8FC1-1C0CE1F1D5B5}.Release|Any CPU.Build.0 = Release|Any CPU
		{6423CFB0-2925-4A64-B6BE-09993E7DDC6C}.Debug|Any CPU.ActiveCfg = Debug|Any CPU
		{6423CFB0-2925-4A64-B6BE-09993E7DDC6C}.Debug|Any CPU.Build.0 = Debug|Any CPU
		{6423CFB0-2925-4A64-B6BE-09993E7DDC6C}.Release|Any CPU.ActiveCfg = Release|Any CPU
		{6423CFB0-2925-4A64-B6BE-09993E7DDC6C}.Release|Any CPU.Build.0 = Release|Any CPU
		{82FC63DA-FE0A-4126-98C2-E592026ADF7C}.Debug|Any CPU.ActiveCfg = Debug|Any CPU
		{82FC63DA-FE0A-4126-98C2-E592026ADF7C}.Debug|Any CPU.Build.0 = Debug|Any CPU
		{82FC63DA-FE0A-4126-98C2-E592026ADF7C}.Release|Any CPU.ActiveCfg = Release|Any CPU
		{82FC63DA-FE0A-4126-98C2-E592026ADF7C}.Release|Any CPU.Build.0 = Release|Any CPU
		{CD053097-9273-4234-8561-365045AFEC63}.Debug|Any CPU.ActiveCfg = Debug|Any CPU
		{CD053097-9273-4234-8561-365045AFEC63}.Debug|Any CPU.Build.0 = Debug|Any CPU
		{CD053097-9273-4234-8561-365045AFEC63}.Release|Any CPU.ActiveCfg = Release|Any CPU
		{CD053097-9273-4234-8561-365045AFEC63}.Release|Any CPU.Build.0 = Release|Any CPU
		{EABB3BA5-5C5C-4BCA-A31B-DCAB38506EB2}.Debug|Any CPU.ActiveCfg = Debug|Any CPU
		{EABB3BA5-5C5C-4BCA-A31B-DCAB38506EB2}.Debug|Any CPU.Build.0 = Debug|Any CPU
		{EABB3BA5-5C5C-4BCA-A31B-DCAB38506EB2}.Release|Any CPU.ActiveCfg = Release|Any CPU
		{EABB3BA5-5C5C-4BCA-A31B-DCAB38506EB2}.Release|Any CPU.Build.0 = Release|Any CPU
		{ECC87346-16D2-4B58-A706-72EBCED8F4AE}.Debug|Any CPU.ActiveCfg = Debug|Any CPU
		{ECC87346-16D2-4B58-A706-72EBCED8F4AE}.Debug|Any CPU.Build.0 = Debug|Any CPU
		{ECC87346-16D2-4B58-A706-72EBCED8F4AE}.Release|Any CPU.ActiveCfg = Release|Any CPU
		{ECC87346-16D2-4B58-A706-72EBCED8F4AE}.Release|Any CPU.Build.0 = Release|Any CPU
		{9F29021E-15C9-4C2A-8102-22838D6F0D80}.Debug|Any CPU.ActiveCfg = Debug|Any CPU
		{9F29021E-15C9-4C2A-8102-22838D6F0D80}.Debug|Any CPU.Build.0 = Debug|Any CPU
		{9F29021E-15C9-4C2A-8102-22838D6F0D80}.Release|Any CPU.ActiveCfg = Release|Any CPU
		{9F29021E-15C9-4C2A-8102-22838D6F0D80}.Release|Any CPU.Build.0 = Release|Any CPU
		{713FA62C-A049-4CAB-8066-932E37FEE3B2}.Debug|Any CPU.ActiveCfg = Debug|Any CPU
		{713FA62C-A049-4CAB-8066-932E37FEE3B2}.Debug|Any CPU.Build.0 = Debug|Any CPU
		{713FA62C-A049-4CAB-8066-932E37FEE3B2}.Release|Any CPU.ActiveCfg = Release|Any CPU
		{713FA62C-A049-4CAB-8066-932E37FEE3B2}.Release|Any CPU.Build.0 = Release|Any CPU
		{27C45D0A-D445-460E-A4EB-E953FB4C3C5B}.Debug|Any CPU.ActiveCfg = Debug|Any CPU
		{27C45D0A-D445-460E-A4EB-E953FB4C3C5B}.Debug|Any CPU.Build.0 = Debug|Any CPU
		{27C45D0A-D445-460E-A4EB-E953FB4C3C5B}.Release|Any CPU.ActiveCfg = Release|Any CPU
		{27C45D0A-D445-460E-A4EB-E953FB4C3C5B}.Release|Any CPU.Build.0 = Release|Any CPU
		{9A9E7C71-DE41-4156-A074-BEC72D89708D}.Debug|Any CPU.ActiveCfg = Debug|Any CPU
		{9A9E7C71-DE41-4156-A074-BEC72D89708D}.Debug|Any CPU.Build.0 = Debug|Any CPU
		{9A9E7C71-DE41-4156-A074-BEC72D89708D}.Release|Any CPU.ActiveCfg = Release|Any CPU
		{9A9E7C71-DE41-4156-A074-BEC72D89708D}.Release|Any CPU.Build.0 = Release|Any CPU
		{5996EDA6-56FF-4B58-B245-62D885B90540}.Debug|Any CPU.ActiveCfg = Debug|Any CPU
		{5996EDA6-56FF-4B58-B245-62D885B90540}.Debug|Any CPU.Build.0 = Debug|Any CPU
		{5996EDA6-56FF-4B58-B245-62D885B90540}.Release|Any CPU.ActiveCfg = Release|Any CPU
		{5996EDA6-56FF-4B58-B245-62D885B90540}.Release|Any CPU.Build.0 = Release|Any CPU
		{B51BA561-6274-4FFE-A466-4D18D6390FE0}.Debug|Any CPU.ActiveCfg = Debug|Any CPU
		{B51BA561-6274-4FFE-A466-4D18D6390FE0}.Debug|Any CPU.Build.0 = Debug|Any CPU
		{B51BA561-6274-4FFE-A466-4D18D6390FE0}.Release|Any CPU.ActiveCfg = Release|Any CPU
		{B51BA561-6274-4FFE-A466-4D18D6390FE0}.Release|Any CPU.Build.0 = Release|Any CPU
		{F517ACF6-BA88-4605-9E11-B322FCED89E1}.Debug|Any CPU.ActiveCfg = Debug|Any CPU
		{F517ACF6-BA88-4605-9E11-B322FCED89E1}.Debug|Any CPU.Build.0 = Debug|Any CPU
		{F517ACF6-BA88-4605-9E11-B322FCED89E1}.Release|Any CPU.ActiveCfg = Release|Any CPU
		{F517ACF6-BA88-4605-9E11-B322FCED89E1}.Release|Any CPU.Build.0 = Release|Any CPU
		{84AC6B72-2B88-47CC-B7DE-204981971866}.Debug|Any CPU.ActiveCfg = Debug|Any CPU
		{84AC6B72-2B88-47CC-B7DE-204981971866}.Debug|Any CPU.Build.0 = Debug|Any CPU
		{84AC6B72-2B88-47CC-B7DE-204981971866}.Release|Any CPU.ActiveCfg = Release|Any CPU
		{84AC6B72-2B88-47CC-B7DE-204981971866}.Release|Any CPU.Build.0 = Release|Any CPU
		{78FFCBC9-9F89-4A63-9146-D90521C4752A}.Debug|Any CPU.ActiveCfg = Debug|Any CPU
		{78FFCBC9-9F89-4A63-9146-D90521C4752A}.Debug|Any CPU.Build.0 = Debug|Any CPU
		{78FFCBC9-9F89-4A63-9146-D90521C4752A}.Release|Any CPU.ActiveCfg = Release|Any CPU
		{78FFCBC9-9F89-4A63-9146-D90521C4752A}.Release|Any CPU.Build.0 = Release|Any CPU
		{5F065803-8EEC-4EEC-8E9D-4D24EFFD5203}.Debug|Any CPU.ActiveCfg = Debug|Any CPU
		{5F065803-8EEC-4EEC-8E9D-4D24EFFD5203}.Debug|Any CPU.Build.0 = Debug|Any CPU
		{5F065803-8EEC-4EEC-8E9D-4D24EFFD5203}.Release|Any CPU.ActiveCfg = Release|Any CPU
		{5F065803-8EEC-4EEC-8E9D-4D24EFFD5203}.Release|Any CPU.Build.0 = Release|Any CPU
		{ED3CB7D0-F155-4FD1-A3AE-29FF957FD514}.Debug|Any CPU.ActiveCfg = Debug|Any CPU
		{ED3CB7D0-F155-4FD1-A3AE-29FF957FD514}.Debug|Any CPU.Build.0 = Debug|Any CPU
		{ED3CB7D0-F155-4FD1-A3AE-29FF957FD514}.Release|Any CPU.ActiveCfg = Release|Any CPU
		{ED3CB7D0-F155-4FD1-A3AE-29FF957FD514}.Release|Any CPU.Build.0 = Release|Any CPU
		{D2FAC3B4-7E09-473F-B4CB-4B2BCBC04357}.Debug|Any CPU.ActiveCfg = Debug|Any CPU
		{D2FAC3B4-7E09-473F-B4CB-4B2BCBC04357}.Debug|Any CPU.Build.0 = Debug|Any CPU
		{D2FAC3B4-7E09-473F-B4CB-4B2BCBC04357}.Release|Any CPU.ActiveCfg = Release|Any CPU
		{D2FAC3B4-7E09-473F-B4CB-4B2BCBC04357}.Release|Any CPU.Build.0 = Release|Any CPU
		{26B615C6-8A0E-4F94-93BF-98FEF2C0E92F}.Debug|Any CPU.ActiveCfg = Debug|Any CPU
		{26B615C6-8A0E-4F94-93BF-98FEF2C0E92F}.Debug|Any CPU.Build.0 = Debug|Any CPU
		{26B615C6-8A0E-4F94-93BF-98FEF2C0E92F}.Release|Any CPU.ActiveCfg = Release|Any CPU
		{26B615C6-8A0E-4F94-93BF-98FEF2C0E92F}.Release|Any CPU.Build.0 = Release|Any CPU
		{4F8B6373-2E50-4989-854B-1281BC7A1BF3}.Debug|Any CPU.ActiveCfg = Debug|Any CPU
		{4F8B6373-2E50-4989-854B-1281BC7A1BF3}.Debug|Any CPU.Build.0 = Debug|Any CPU
		{4F8B6373-2E50-4989-854B-1281BC7A1BF3}.Release|Any CPU.ActiveCfg = Release|Any CPU
		{4F8B6373-2E50-4989-854B-1281BC7A1BF3}.Release|Any CPU.Build.0 = Release|Any CPU
		{08889024-CD9E-477B-A441-E6886EA265DA}.Debug|Any CPU.ActiveCfg = Debug|Any CPU
		{08889024-CD9E-477B-A441-E6886EA265DA}.Debug|Any CPU.Build.0 = Debug|Any CPU
		{08889024-CD9E-477B-A441-E6886EA265DA}.Release|Any CPU.ActiveCfg = Release|Any CPU
		{08889024-CD9E-477B-A441-E6886EA265DA}.Release|Any CPU.Build.0 = Release|Any CPU
		{C4F0C38F-E5F8-485E-8BD1-10E5F7414775}.Debug|Any CPU.ActiveCfg = Debug|Any CPU
		{C4F0C38F-E5F8-485E-8BD1-10E5F7414775}.Debug|Any CPU.Build.0 = Debug|Any CPU
		{C4F0C38F-E5F8-485E-8BD1-10E5F7414775}.Release|Any CPU.ActiveCfg = Release|Any CPU
		{C4F0C38F-E5F8-485E-8BD1-10E5F7414775}.Release|Any CPU.Build.0 = Release|Any CPU
		{7608DB19-147C-4368-87C7-787BBF4F6446}.Debug|Any CPU.ActiveCfg = Debug|Any CPU
		{7608DB19-147C-4368-87C7-787BBF4F6446}.Debug|Any CPU.Build.0 = Debug|Any CPU
		{7608DB19-147C-4368-87C7-787BBF4F6446}.Release|Any CPU.ActiveCfg = Release|Any CPU
		{7608DB19-147C-4368-87C7-787BBF4F6446}.Release|Any CPU.Build.0 = Release|Any CPU
		{767A27B9-353D-4240-91D0-4BB5CBFD74F3}.Debug|Any CPU.ActiveCfg = Debug|Any CPU
		{767A27B9-353D-4240-91D0-4BB5CBFD74F3}.Debug|Any CPU.Build.0 = Debug|Any CPU
		{767A27B9-353D-4240-91D0-4BB5CBFD74F3}.Release|Any CPU.ActiveCfg = Release|Any CPU
		{767A27B9-353D-4240-91D0-4BB5CBFD74F3}.Release|Any CPU.Build.0 = Release|Any CPU
		{2F1E403C-AFE7-4955-8CBD-4D3A39D43DDD}.Debug|Any CPU.ActiveCfg = Debug|Any CPU
		{2F1E403C-AFE7-4955-8CBD-4D3A39D43DDD}.Debug|Any CPU.Build.0 = Debug|Any CPU
		{2F1E403C-AFE7-4955-8CBD-4D3A39D43DDD}.Release|Any CPU.ActiveCfg = Release|Any CPU
		{2F1E403C-AFE7-4955-8CBD-4D3A39D43DDD}.Release|Any CPU.Build.0 = Release|Any CPU
		{1832FD66-AD1F-4688-9CF3-6EB77AEE7ED7}.Debug|Any CPU.ActiveCfg = Debug|Any CPU
		{1832FD66-AD1F-4688-9CF3-6EB77AEE7ED7}.Debug|Any CPU.Build.0 = Debug|Any CPU
		{1832FD66-AD1F-4688-9CF3-6EB77AEE7ED7}.Release|Any CPU.ActiveCfg = Release|Any CPU
		{1832FD66-AD1F-4688-9CF3-6EB77AEE7ED7}.Release|Any CPU.Build.0 = Release|Any CPU
		{AB8EC476-9379-44A6-B397-616B92C7194A}.Debug|Any CPU.ActiveCfg = Debug|Any CPU
		{AB8EC476-9379-44A6-B397-616B92C7194A}.Debug|Any CPU.Build.0 = Debug|Any CPU
		{AB8EC476-9379-44A6-B397-616B92C7194A}.Release|Any CPU.ActiveCfg = Release|Any CPU
		{AB8EC476-9379-44A6-B397-616B92C7194A}.Release|Any CPU.Build.0 = Release|Any CPU
		{CFD80B00-8B7C-4822-B3AA-F6B71BCE8B88}.Debug|Any CPU.ActiveCfg = Debug|Any CPU
		{CFD80B00-8B7C-4822-B3AA-F6B71BCE8B88}.Debug|Any CPU.Build.0 = Debug|Any CPU
		{CFD80B00-8B7C-4822-B3AA-F6B71BCE8B88}.Release|Any CPU.ActiveCfg = Release|Any CPU
		{CFD80B00-8B7C-4822-B3AA-F6B71BCE8B88}.Release|Any CPU.Build.0 = Release|Any CPU
		{31CB4FAE-35DD-4893-A9E8-973E20674985}.Debug|Any CPU.ActiveCfg = Debug|Any CPU
		{31CB4FAE-35DD-4893-A9E8-973E20674985}.Debug|Any CPU.Build.0 = Debug|Any CPU
		{31CB4FAE-35DD-4893-A9E8-973E20674985}.Release|Any CPU.ActiveCfg = Release|Any CPU
		{31CB4FAE-35DD-4893-A9E8-973E20674985}.Release|Any CPU.Build.0 = Release|Any CPU
		{655C702D-9AFD-4D78-B2BD-D62D53D2F8FD}.Debug|Any CPU.ActiveCfg = Debug|Any CPU
		{655C702D-9AFD-4D78-B2BD-D62D53D2F8FD}.Debug|Any CPU.Build.0 = Debug|Any CPU
		{655C702D-9AFD-4D78-B2BD-D62D53D2F8FD}.Release|Any CPU.ActiveCfg = Release|Any CPU
		{655C702D-9AFD-4D78-B2BD-D62D53D2F8FD}.Release|Any CPU.Build.0 = Release|Any CPU
		{4F81C66B-9CFA-4F9C-9DE7-8C91311ADAB7}.Debug|Any CPU.ActiveCfg = Debug|Any CPU
		{4F81C66B-9CFA-4F9C-9DE7-8C91311ADAB7}.Debug|Any CPU.Build.0 = Debug|Any CPU
		{4F81C66B-9CFA-4F9C-9DE7-8C91311ADAB7}.Release|Any CPU.ActiveCfg = Release|Any CPU
		{4F81C66B-9CFA-4F9C-9DE7-8C91311ADAB7}.Release|Any CPU.Build.0 = Release|Any CPU
		{FFBD9FA7-09D5-4730-BC42-A102F306ED43}.Debug|Any CPU.ActiveCfg = Debug|Any CPU
		{FFBD9FA7-09D5-4730-BC42-A102F306ED43}.Debug|Any CPU.Build.0 = Debug|Any CPU
		{FFBD9FA7-09D5-4730-BC42-A102F306ED43}.Release|Any CPU.ActiveCfg = Release|Any CPU
		{FFBD9FA7-09D5-4730-BC42-A102F306ED43}.Release|Any CPU.Build.0 = Release|Any CPU
		{A78FD0C8-B652-44ED-A60C-252D57F8A496}.Debug|Any CPU.ActiveCfg = Debug|Any CPU
		{A78FD0C8-B652-44ED-A60C-252D57F8A496}.Debug|Any CPU.Build.0 = Debug|Any CPU
		{A78FD0C8-B652-44ED-A60C-252D57F8A496}.Release|Any CPU.ActiveCfg = Release|Any CPU
		{A78FD0C8-B652-44ED-A60C-252D57F8A496}.Release|Any CPU.Build.0 = Release|Any CPU
		{6E14634A-4FF2-4583-A708-79806AACA0B7}.Debug|Any CPU.ActiveCfg = Debug|Any CPU
		{6E14634A-4FF2-4583-A708-79806AACA0B7}.Debug|Any CPU.Build.0 = Debug|Any CPU
		{6E14634A-4FF2-4583-A708-79806AACA0B7}.Release|Any CPU.ActiveCfg = Release|Any CPU
		{6E14634A-4FF2-4583-A708-79806AACA0B7}.Release|Any CPU.Build.0 = Release|Any CPU
		{B6813D58-4666-49F1-9D7E-7996DAA21C3C}.Debug|Any CPU.ActiveCfg = Debug|Any CPU
		{B6813D58-4666-49F1-9D7E-7996DAA21C3C}.Debug|Any CPU.Build.0 = Debug|Any CPU
		{B6813D58-4666-49F1-9D7E-7996DAA21C3C}.Release|Any CPU.ActiveCfg = Release|Any CPU
		{B6813D58-4666-49F1-9D7E-7996DAA21C3C}.Release|Any CPU.Build.0 = Release|Any CPU
		{2CDC5BDF-5D1B-4D13-8BF9-052A414645AB}.Debug|Any CPU.ActiveCfg = Debug|Any CPU
		{2CDC5BDF-5D1B-4D13-8BF9-052A414645AB}.Debug|Any CPU.Build.0 = Debug|Any CPU
		{2CDC5BDF-5D1B-4D13-8BF9-052A414645AB}.Release|Any CPU.ActiveCfg = Release|Any CPU
		{2CDC5BDF-5D1B-4D13-8BF9-052A414645AB}.Release|Any CPU.Build.0 = Release|Any CPU
		{9F987C80-896A-4381-B945-563534374AD7}.Debug|Any CPU.ActiveCfg = Debug|Any CPU
		{9F987C80-896A-4381-B945-563534374AD7}.Debug|Any CPU.Build.0 = Debug|Any CPU
		{9F987C80-896A-4381-B945-563534374AD7}.Release|Any CPU.ActiveCfg = Release|Any CPU
		{9F987C80-896A-4381-B945-563534374AD7}.Release|Any CPU.Build.0 = Release|Any CPU
	EndGlobalSection
	GlobalSection(SolutionProperties) = preSolution
		HideSolutionNode = FALSE
	EndGlobalSection
	GlobalSection(ExtensibilityGlobals) = postSolution
		SolutionGuid = {78B758F9-EB87-41F2-80D1-D26DF675B9D1}
	EndGlobalSection
EndGlobal
